
Microsoft Visual Studio Solution File, Format Version 12.00
# Visual Studio Version 17
VisualStudioVersion = 17.5.33502.453
MinimumVisualStudioVersion = 10.0.40219.1
Project("{9A19103F-16F7-4668-BE54-9A1E7A4F7556}") = "ProjetoLandisGyr", "ConsoleApp/ProjetoLandisGyr.csproj", "{AC10EEF4-BB40-4D65-A892-B4616A6D3A7B}"
EndProject
Project("{2150E333-8FDC-42A3-9474-1A3956D46DE8}") = "ConsoleApp", "ConsoleApp", "{9E4B3323-56D2-4B24-AFFA-89462E01D111}"
EndProject
Project("{2150E333-8FDC-42A3-9474-1A3956D46DE8}") = "Tests", "Tests", "{4182E860-896E-4A71-901D-73124BA78B31}"
EndProject
Global
	GlobalSection(SolutionConfigurationPlatforms) = preSolution
		Debug|Any CPU = Debug|Any CPU
		Release|Any CPU = Release|Any CPU
	EndGlobalSection
	GlobalSection(ProjectConfigurationPlatforms) = postSolution
		{AC10EEF4-BB40-4D65-A892-B4616A6D3A7B}.Debug|Any CPU.ActiveCfg = Debug|Any CPU
		{AC10EEF4-BB40-4D65-A892-B4616A6D3A7B}.Debug|Any CPU.Build.0 = Debug|Any CPU
		{AC10EEF4-BB40-4D65-A892-B4616A6D3A7B}.Release|Any CPU.ActiveCfg = Release|Any CPU
		{AC10EEF4-BB40-4D65-A892-B4616A6D3A7B}.Release|Any CPU.Build.0 = Release|Any CPU
	EndGlobalSection
	GlobalSection(SolutionProperties) = preSolution
		HideSolutionNode = FALSE
	EndGlobalSection
	GlobalSection(NestedProjects) = preSolution
		{AC10EEF4-BB40-4D65-A892-B4616A6D3A7B} = {9E4B3323-56D2-4B24-AFFA-89462E01D111}
	EndGlobalSection
	GlobalSection(ExtensibilityGlobals) = postSolution
		SolutionGuid = {D430518C-8993-4FF1-AADC-E167081B4821}
	EndGlobalSection
EndGlobal
